PackratFormat: 1.4
PackratVersion: 0.4.8.1
RVersion: 3.2.3
Repos: CRAN=https://cran.rstudio.com/

Package: R.methodsS3
Source: CRAN
Version: 1.7.1
Hash: 99f841ba1614c005e6672c5fb01b352a

Package: R.oo
Source: CRAN
Version: 1.21.0
Hash: d155101c5eb87d728d43e23c6902f4d5
Requires: R.methodsS3

Package: R.utils
Source: CRAN
Version: 2.5.0
Hash: 15d8a7e9c80859cd587510b529dce2dc
Requires: R.methodsS3, R.oo

Package: Rcpp
Source: CRAN
Version: 0.12.12
Hash: 8b3d5ebb9a9a4ab5c86b3a81b0cfb774

Package: chron
Source: CRAN
Version: 2.3-51
Hash: 7f27e7c1f0599f0648a3f26b78895a97

Package: maptools
Source: CRAN
Version: 0.9-2
Hash: 2dfbad6ef57f83a91e4e9d4ccc0807cd
Requires: sp

Package: ncdf4
Source: CRAN
Version: 1.16
Hash: 68486da5802565ac2e2ed038caf2b858

Package: packrat
Source: CRAN
Version: 0.4.8-1
Hash: 6ad605ba7b4b476d84be6632393f5765

Package: raster
Source: CRAN
Version: 2.5-8
Hash: 082eefcf49830e46ff808b2749fc39bd
Requires: Rcpp, sp

Package: sp
Source: CRAN
Version: 1.2-5
Hash: 355c8b47792e18a08da8708132f994e0
